
Microsoft Visual Studio Solution File, Format Version 12.00
# Visual Studio Version 17
VisualStudioVersion = 17.8.34309.116
MinimumVisualStudioVersion = 10.0.40219.1
Project("{8BC9CEB8-8B4A-11D0-8D11-00A0C91BC942}") = "SubiectSDDProdus_ABC", "SubiectSDDProdus_ABC\SubiectSDDProdus_ABC.vcxproj", "{B871BBEA-54A7-4867-8A89-5964309C1CD2}"
EndProject
Global
	GlobalSection(SolutionConfigurationPlatforms) = preSolution
		Debug|x64 = Debug|x64
		Debug|x86 = Debug|x86
		Release|x64 = Release|x64
		Release|x86 = Release|x86
	EndGlobalSection
	GlobalSection(ProjectConfigurationPlatforms) = postSolution
		{B871BBEA-54A7-4867-8A89-5964309C1CD2}.Debug|x64.ActiveCfg = Debug|x64
		{B871BBEA-54A7-4867-8A89-5964309C1CD2}.Debug|x64.Build.0 = Debug|x64
		{B871BBEA-54A7-4867-8A89-5964309C1CD2}.Debug|x86.ActiveCfg = Debug|Win32
		{B871BBEA-54A7-4867-8A89-5964309C1CD2}.Debug|x86.Build.0 = Debug|Win32
		{B871BBEA-54A7-4867-8A89-5964309C1CD2}.Release|x64.ActiveCfg = Release|x64
		{B871BBEA-54A7-4867-8A89-5964309C1CD2}.Release|x64.Build.0 = Release|x64
		{B871BBEA-54A7-4867-8A89-5964309C1CD2}.Release|x86.ActiveCfg = Release|Win32
		{B871BBEA-54A7-4867-8A89-5964309C1CD2}.Release|x86.Build.0 = Release|Win32
	EndGlobalSection
	GlobalSection(SolutionProperties) = preSolution
		HideSolutionNode = FALSE
	EndGlobalSection
	GlobalSection(ExtensibilityGlobals) = postSolution
		SolutionGuid = {2A4AC68E-9B16-4D10-82B9-72206B10183F}
	EndGlobalSection
EndGlobal
